
Microsoft Visual Studio Solution File, Format Version 12.00
# Visual Studio Version 17
VisualStudioVersion = 17.4.33403.182
MinimumVisualStudioVersion = 10.0.40219.1
Project("{FAE04EC0-301F-11D3-BF4B-00C04F79EFBC}") = "ThingsThatWeCanTaste", "ThingsThatWeCanTaste.csproj", "{CD5CC21D-87C9-460E-9314-E6F5D3CB3E65}"
EndProject
Global
	GlobalSection(SolutionConfigurationPlatforms) = preSolution
		Debug|Any CPU = Debug|Any CPU
		Release|Any CPU = Release|Any CPU
	EndGlobalSection
	GlobalSection(ProjectConfigurationPlatforms) = postSolution
		{CD5CC21D-87C9-460E-9314-E6F5D3CB3E65}.Debug|Any CPU.ActiveCfg = Debug|Any CPU
		{CD5CC21D-87C9-460E-9314-E6F5D3CB3E65}.Debug|Any CPU.Build.0 = Debug|Any CPU
		{CD5CC21D-87C9-460E-9314-E6F5D3CB3E65}.Release|Any CPU.ActiveCfg = Release|Any CPU
		{CD5CC21D-87C9-460E-9314-E6F5D3CB3E65}.Release|Any CPU.Build.0 = Release|Any CPU
	EndGlobalSection
	GlobalSection(SolutionProperties) = preSolution
		HideSolutionNode = FALSE
	EndGlobalSection
	GlobalSection(ExtensibilityGlobals) = postSolution
		SolutionGuid = {D5AC1FC6-8CB4-4C72-898D-90FC59B58797}
	EndGlobalSection
EndGlobal
